
Microsoft Visual Studio Solution File, Format Version 12.00
# Visual Studio 14
VisualStudioVersion = 14.0.25420.1
MinimumVisualStudioVersion = 10.0.40219.1
Project("{FAE04EC0-301F-11D3-BF4B-00C04F79EFBC}") = "Test", "Test\Test.csproj", "{380E24CB-630A-4B2C-9EF5-52325B7DEAB9}"
EndProject
Project("{FAE04EC0-301F-11D3-BF4B-00C04F79EFBC}") = "Domain", "Domain\Domain.csproj", "{6C95851C-645F-4F6F-B38F-165418BDD9BB}"
EndProject
Project("{FAE04EC0-301F-11D3-BF4B-00C04F79EFBC}") = "Persistence", "Persistence\Persistence.csproj", "{C32A011B-7894-4436-914A-565EB303DD9B}"
EndProject
Project("{FAE04EC0-301F-11D3-BF4B-00C04F79EFBC}") = "Exceptions", "Exception\Exceptions.csproj", "{98C139E8-83CC-4E7F-9439-23DAACB5980C}"
EndProject
Project("{FAE04EC0-301F-11D3-BF4B-00C04F79EFBC}") = "Logic", "Logic\Logic.csproj", "{9F8FC04E-1A0C-4623-A028-73118A69138F}"
EndProject
Project("{FAE04EC0-301F-11D3-BF4B-00C04F79EFBC}") = "Utility", "Utility\Utility.csproj", "{42526951-C227-49DE-AAD9-98364843C39D}"
EndProject
Global
	GlobalSection(SolutionConfigurationPlatforms) = preSolution
		Debug|Any CPU = Debug|Any CPU
		Release|Any CPU = Release|Any CPU
	EndGlobalSection
	GlobalSection(ProjectConfigurationPlatforms) = postSolution
		{380E24CB-630A-4B2C-9EF5-52325B7DEAB9}.Debug|Any CPU.ActiveCfg = Debug|Any CPU
		{380E24CB-630A-4B2C-9EF5-52325B7DEAB9}.Debug|Any CPU.Build.0 = Debug|Any CPU
		{380E24CB-630A-4B2C-9EF5-52325B7DEAB9}.Release|Any CPU.ActiveCfg = Release|Any CPU
		{380E24CB-630A-4B2C-9EF5-52325B7DEAB9}.Release|Any CPU.Build.0 = Release|Any CPU
		{6C95851C-645F-4F6F-B38F-165418BDD9BB}.Debug|Any CPU.ActiveCfg = Debug|Any CPU
		{6C95851C-645F-4F6F-B38F-165418BDD9BB}.Debug|Any CPU.Build.0 = Debug|Any CPU
		{6C95851C-645F-4F6F-B38F-165418BDD9BB}.Release|Any CPU.ActiveCfg = Release|Any CPU
		{6C95851C-645F-4F6F-B38F-165418BDD9BB}.Release|Any CPU.Build.0 = Release|Any CPU
		{C32A011B-7894-4436-914A-565EB303DD9B}.Debug|Any CPU.ActiveCfg = Debug|Any CPU
		{C32A011B-7894-4436-914A-565EB303DD9B}.Debug|Any CPU.Build.0 = Debug|Any CPU
		{C32A011B-7894-4436-914A-565EB303DD9B}.Release|Any CPU.ActiveCfg = Release|Any CPU
		{C32A011B-7894-4436-914A-565EB303DD9B}.Release|Any CPU.Build.0 = Release|Any CPU
		{98C139E8-83CC-4E7F-9439-23DAACB5980C}.Debug|Any CPU.ActiveCfg = Debug|Any CPU
		{98C139E8-83CC-4E7F-9439-23DAACB5980C}.Debug|Any CPU.Build.0 = Debug|Any CPU
		{98C139E8-83CC-4E7F-9439-23DAACB5980C}.Release|Any CPU.ActiveCfg = Release|Any CPU
		{98C139E8-83CC-4E7F-9439-23DAACB5980C}.Release|Any CPU.Build.0 = Release|Any CPU
		{9F8FC04E-1A0C-4623-A028-73118A69138F}.Debug|Any CPU.ActiveCfg = Debug|Any CPU
		{9F8FC04E-1A0C-4623-A028-73118A69138F}.Debug|Any CPU.Build.0 = Debug|Any CPU
		{9F8FC04E-1A0C-4623-A028-73118A69138F}.Release|Any CPU.ActiveCfg = Release|Any CPU
		{9F8FC04E-1A0C-4623-A028-73118A69138F}.Release|Any CPU.Build.0 = Release|Any CPU
		{42526951-C227-49DE-AAD9-98364843C39D}.Debug|Any CPU.ActiveCfg = Debug|Any CPU
		{42526951-C227-49DE-AAD9-98364843C39D}.Debug|Any CPU.Build.0 = Debug|Any CPU
		{42526951-C227-49DE-AAD9-98364843C39D}.Release|Any CPU.ActiveCfg = Release|Any CPU
		{42526951-C227-49DE-AAD9-98364843C39D}.Release|Any CPU.Build.0 = Release|Any CPU
	EndGlobalSection
	GlobalSection(SolutionProperties) = preSolution
		HideSolutionNode = FALSE
	EndGlobalSection
EndGlobal
